Microsoft Visual Studio Solution File, Format Version 12.00
# Visual Studio Version 17
VisualStudioVersion = 17.5.2.0
MinimumVisualStudioVersion = 10.0.40219.1
Project("{FAE04EC0-301F-11D3-BF4B-00C04F79EFBC}") = "DemoASP_NET", "DemoASP_NET.csproj", "{7004082C-25FF-12E6-5936-B5B2B828D511}"
EndProject
Global
	GlobalSection(SolutionConfigurationPlatforms) = preSolution
		Debug|Any CPU = Debug|Any CPU
		Release|Any CPU = Release|Any CPU
	EndGlobalSection
	GlobalSection(ProjectConfigurationPlatforms) = postSolution
		{7004082C-25FF-12E6-5936-B5B2B828D511}.Debug|Any CPU.ActiveCfg = Debug|Any CPU
		{7004082C-25FF-12E6-5936-B5B2B828D511}.Debug|Any CPU.Build.0 = Debug|Any CPU
		{7004082C-25FF-12E6-5936-B5B2B828D511}.Release|Any CPU.ActiveCfg = Release|Any CPU
		{7004082C-25FF-12E6-5936-B5B2B828D511}.Release|Any CPU.Build.0 = Release|Any CPU
	EndGlobalSection
	GlobalSection(SolutionProperties) = preSolution
		HideSolutionNode = FALSE
	EndGlobalSection
	GlobalSection(ExtensibilityGlobals) = postSolution
		SolutionGuid = {0CC97C87-8515-45B2-8DCB-75EBC3594179}
	EndGlobalSection
EndGlobal
